
Microsoft Visual Studio Solution File, Format Version 12.00
# Visual Studio 15
VisualStudioVersion = 15.0.28307.1082
MinimumVisualStudioVersion = 10.0.40219.1
Project("{FAE04EC0-301F-11D3-BF4B-00C04F79EFBC}") = "TechProject3B0", "TechProject3B0\TechProject3B0.csproj", "{37B0215A-8785-4607-B682-0717F0A09151}"
EndProject
Global
	GlobalSection(SolutionConfigurationPlatforms) = preSolution
		Debug|Any CPU = Debug|Any CPU
		Release|Any CPU = Release|Any CPU
	EndGlobalSection
	GlobalSection(ProjectConfigurationPlatforms) = postSolution
		{37B0215A-8785-4607-B682-0717F0A09151}.Debug|Any CPU.ActiveCfg = Debug|Any CPU
		{37B0215A-8785-4607-B682-0717F0A09151}.Debug|Any CPU.Build.0 = Debug|Any CPU
		{37B0215A-8785-4607-B682-0717F0A09151}.Release|Any CPU.ActiveCfg = Release|Any CPU
		{37B0215A-8785-4607-B682-0717F0A09151}.Release|Any CPU.Build.0 = Release|Any CPU
	EndGlobalSection
	GlobalSection(SolutionProperties) = preSolution
		HideSolutionNode = FALSE
	EndGlobalSection
	GlobalSection(ExtensibilityGlobals) = postSolution
		SolutionGuid = {86FA3420-6416-4A34-9143-95FFAE9359A5}
	EndGlobalSection
EndGlobal
